
Microsoft Visual Studio Solution File, Format Version 12.00
# Visual Studio 15
VisualStudioVersion = 15.0.27004.2008
MinimumVisualStudioVersion = 10.0.40219.1
Project("{FAE04EC0-301F-11D3-BF4B-00C04F79EFBC}") = "SORANO.CORE", "SORANO.CORE\SORANO.CORE.csproj", "{50FF04FE-1E18-45B5-A386-C17AAF626AC4}"
EndProject
Project("{FAE04EC0-301F-11D3-BF4B-00C04F79EFBC}") = "SORANO.BLL", "SORANO.BLL\SORANO.BLL.csproj", "{7494EE23-F59E-491B-928C-A4A84201AE30}"
EndProject
Project("{FAE04EC0-301F-11D3-BF4B-00C04F79EFBC}") = "SORANO.DAL", "SORANO.DAL\SORANO.DAL.csproj", "{092919DE-E34A-44FF-BFCC-E9B260351B53}"
EndProject
Project("{9A19103F-16F7-4668-BE54-9A1E7A4F7556}") = "SORANO.WEB", "SORANO.WEB\SORANO.WEB.csproj", "{D1AF848C-25EF-4910-912C-B5BC190AA9A4}"
EndProject
Project("{FAE04EC0-301F-11D3-BF4B-00C04F79EFBC}") = "SORANO.TESTS", "SORANO.TESTS\SORANO.TESTS.csproj", "{3EEB5591-94F6-4BF3-87F2-61FB6BB74D33}"
EndProject
Global
	GlobalSection(SolutionConfigurationPlatforms) = preSolution
		Debug|Any CPU = Debug|Any CPU
		Release|Any CPU = Release|Any CPU
	EndGlobalSection
	GlobalSection(ProjectConfigurationPlatforms) = postSolution
		{50FF04FE-1E18-45B5-A386-C17AAF626AC4}.Debug|Any CPU.ActiveCfg = Debug|Any CPU
		{50FF04FE-1E18-45B5-A386-C17AAF626AC4}.Debug|Any CPU.Build.0 = Debug|Any CPU
		{50FF04FE-1E18-45B5-A386-C17AAF626AC4}.Release|Any CPU.ActiveCfg = Release|Any CPU
		{50FF04FE-1E18-45B5-A386-C17AAF626AC4}.Release|Any CPU.Build.0 = Release|Any CPU
		{7494EE23-F59E-491B-928C-A4A84201AE30}.Debug|Any CPU.ActiveCfg = Debug|Any CPU
		{7494EE23-F59E-491B-928C-A4A84201AE30}.Debug|Any CPU.Build.0 = Debug|Any CPU
		{7494EE23-F59E-491B-928C-A4A84201AE30}.Release|Any CPU.ActiveCfg = Release|Any CPU
		{7494EE23-F59E-491B-928C-A4A84201AE30}.Release|Any CPU.Build.0 = Release|Any CPU
		{092919DE-E34A-44FF-BFCC-E9B260351B53}.Debug|Any CPU.ActiveCfg = Debug|Any CPU
		{092919DE-E34A-44FF-BFCC-E9B260351B53}.Debug|Any CPU.Build.0 = Debug|Any CPU
		{092919DE-E34A-44FF-BFCC-E9B260351B53}.Release|Any CPU.ActiveCfg = Release|Any CPU
		{092919DE-E34A-44FF-BFCC-E9B260351B53}.Release|Any CPU.Build.0 = Release|Any CPU
		{D1AF848C-25EF-4910-912C-B5BC190AA9A4}.Debug|Any CPU.ActiveCfg = Debug|Any CPU
		{D1AF848C-25EF-4910-912C-B5BC190AA9A4}.Debug|Any CPU.Build.0 = Debug|Any CPU
		{D1AF848C-25EF-4910-912C-B5BC190AA9A4}.Release|Any CPU.ActiveCfg = Release|Any CPU
		{D1AF848C-25EF-4910-912C-B5BC190AA9A4}.Release|Any CPU.Build.0 = Release|Any CPU
		{3EEB5591-94F6-4BF3-87F2-61FB6BB74D33}.Debug|Any CPU.ActiveCfg = Debug|Any CPU
		{3EEB5591-94F6-4BF3-87F2-61FB6BB74D33}.Debug|Any CPU.Build.0 = Debug|Any CPU
		{3EEB5591-94F6-4BF3-87F2-61FB6BB74D33}.Release|Any CPU.ActiveCfg = Release|Any CPU
		{3EEB5591-94F6-4BF3-87F2-61FB6BB74D33}.Release|Any CPU.Build.0 = Release|Any CPU
	EndGlobalSection
	GlobalSection(SolutionProperties) = preSolution
		HideSolutionNode = FALSE
	EndGlobalSection
	GlobalSection(ExtensibilityGlobals) = postSolution
		SolutionGuid = {28482225-FBB6-4547-82E0-A59C40CCA38C}
	EndGlobalSection
EndGlobal
